{
  "name": "sokoban-engine",
  "version": "1.0.1",
  "lockfileVersion": 2,
  "requires": true,
  "packages": {
    "": {
      "name": "sokoban-engine",
      "version": "1.0.1",
      "license": "Apache-2.0",
      "dependencies": {
        "sokoban-generator": "^1.1.5"
      }
    },
    "node_modules/seedrandom": {
      "version": "2.4.4",
      "resolved": "https://registry.npmjs.org/seedrandom/-/seedrandom-2.4.4.tgz",
      "integrity": "sha512-9A+PDmgm+2du77B5i0Ip2cxOqqHjgNxnBgglxLcX78A2D6c2rTo61z4jnVABpF4cKeDMDG+cmXXvdnqse2VqMA=="
    },
    "node_modules/sokoban-generator": {
      "version": "1.1.5",
      "resolved": "https://registry.npmjs.org/sokoban-generator/-/sokoban-generator-1.1.5.tgz",
      "integrity": "sha512-azmhAxaQcEuHcL3GuxAUbzgrPe8ojaEBR3M3bFTfcChswmUbiBQ7SfkF5QNVBYjQLNGwoCeYmH3bvrtDt2SxlQ==",
      "dependencies": {
        "seedrandom": "^2.4.3"
      }
    }
  },
  "dependencies": {
    "seedrandom": {
      "version": "2.4.4",
      "resolved": "https://registry.npmjs.org/seedrandom/-/seedrandom-2.4.4.tgz",
      "integrity": "sha512-9A+PDmgm+2du77B5i0Ip2cxOqqHjgNxnBgglxLcX78A2D6c2rTo61z4jnVABpF4cKeDMDG+cmXXvdnqse2VqMA=="
    },
    "sokoban-generator": {
      "version": "1.1.5",
      "resolved": "https://registry.npmjs.org/sokoban-generator/-/sokoban-generator-1.1.5.tgz",
      "integrity": "sha512-azmhAxaQcEuHcL3GuxAUbzgrPe8ojaEBR3M3bFTfcChswmUbiBQ7SfkF5QNVBYjQLNGwoCeYmH3bvrtDt2SxlQ==",
      "requires": {
        "seedrandom": "^2.4.3"
      }
    }
  }
}
